
Microsoft Visual Studio Solution File, Format Version 12.00
Project("{FAE04EC0-301F-11D3-BF4B-00C04F79EFBC}") = "AgilePrinciplesPractice", "AgilePrinciplesPractice\AgilePrinciplesPractice.csproj", "{B5C255DE-C9E7-4385-B50D-E4833FDF9597}"
EndProject
Project("{FAE04EC0-301F-11D3-BF4B-00C04F79EFBC}") = "AgilePrinciplesPractice.Test", "AgilePrinciplesPractice.Test\AgilePrinciplesPractice.Test.csproj", "{C59D0947-EC4F-488D-89B9-884B6AA761B8}"
EndProject
Global
	GlobalSection(SolutionConfigurationPlatforms) = preSolution
		Debug|Any CPU = Debug|Any CPU
		Release|Any CPU = Release|Any CPU
	EndGlobalSection
	GlobalSection(ProjectConfigurationPlatforms) = postSolution
		{B5C255DE-C9E7-4385-B50D-E4833FDF9597}.Debug|Any CPU.ActiveCfg = Debug|Any CPU
		{B5C255DE-C9E7-4385-B50D-E4833FDF9597}.Debug|Any CPU.Build.0 = Debug|Any CPU
		{B5C255DE-C9E7-4385-B50D-E4833FDF9597}.Release|Any CPU.ActiveCfg = Release|Any CPU
		{B5C255DE-C9E7-4385-B50D-E4833FDF9597}.Release|Any CPU.Build.0 = Release|Any CPU
		{C59D0947-EC4F-488D-89B9-884B6AA761B8}.Debug|Any CPU.ActiveCfg = Debug|Any CPU
		{C59D0947-EC4F-488D-89B9-884B6AA761B8}.Debug|Any CPU.Build.0 = Debug|Any CPU
		{C59D0947-EC4F-488D-89B9-884B6AA761B8}.Release|Any CPU.ActiveCfg = Release|Any CPU
		{C59D0947-EC4F-488D-89B9-884B6AA761B8}.Release|Any CPU.Build.0 = Release|Any CPU
	EndGlobalSection
EndGlobal
